// !$*UTF8*$!
{
	archiveVersion = 1;
	classes = {
	};
	objectVersion = 71;
	objects = {

/* Begin PBXBuildFile section */
		A10000000000000000000001 /* kyndynApp.swift in Sources */ = {isa = PBXBuildFile; fileRef = B10000000000000000000001 /* kyndynApp.swift */; };
		A10000000000000000000002 /* DomainModels.swift in Sources */ = {isa = PBXBuildFile; fileRef = B10000000000000000000002 /* DomainModels.swift */; };
		A10000000000000000000003 /* ProgressionEngine.swift in Sources */ = {isa = PBXBuildFile; fileRef = B10000000000000000000003 /* ProgressionEngine.swift */; };
		A10000000000000000000004 /* Services.swift in Sources */ = {isa = PBXBuildFile; fileRef = B10000000000000000000004 /* Services.swift */; };
		A10000000000000000000005 /* AppModel.swift in Sources */ = {isa = PBXBuildFile; fileRef = B10000000000000000000005 /* AppModel.swift */; };
		A10000000000000000000006 /* Views.swift in Sources */ = {isa = PBXBuildFile; fileRef = B10000000000000000000006 /* Views.swift */; };
		A10000000000000000000007 /* spark.png in Resources */ = {isa = PBXBuildFile; fileRef = B10000000000000000000007 /* spark.png */; };
		A10000000000000000000008 /* orbit.png in Resources */ = {isa = PBXBuildFile; fileRef = B10000000000000000000008 /* orbit.png */; };
		A10000000000000000000009 /* pixel.png in Resources */ = {isa = PBXBuildFile; fileRef = B10000000000000000000009 /* pixel.png */; };
		A1000000000000000000000A /* comet.png in Resources */ = {isa = PBXBuildFile; fileRef = B1000000000000000000000A /* comet.png */; };
		A1000000000000000000000B /* bop.png in Resources */ = {isa = PBXBuildFile; fileRef = B1000000000000000000000B /* bop.png */; };
		A1000000000000000000000C /* ProgressionEngineTests.swift in Sources */ = {isa = PBXBuildFile; fileRef = B1000000000000000000000C /* ProgressionEngineTests.swift */; };
		A1000000000000000000000D /* kyndynUITests.swift in Sources */ = {isa = PBXBuildFile; fileRef = B1000000000000000000000D /* kyndynUITests.swift */; };
		A1000000000000000000000E /* Assets.xcassets in Resources */ = {isa = PBXBuildFile; fileRef = B10000000000000000000011 /* Assets.xcassets */; };
		A1000000000000000000000F /* LaunchScreen.storyboard in Resources */ = {isa = PBXBuildFile; fileRef = B10000000000000000000012 /* LaunchScreen.storyboard */; };
		A10000000000000000000010 /* SyncEngine.swift in Sources */ = {isa = PBXBuildFile; fileRef = B10000000000000000000013 /* SyncEngine.swift */; };
		A10000000000000000000011 /* SyncEngineTests.swift in Sources */ = {isa = PBXBuildFile; fileRef = B10000000000000000000014 /* SyncEngineTests.swift */; };
		A10000000000000000000012 /* AppConfiguration.swift in Sources */ = {isa = PBXBuildFile; fileRef = B10000000000000000000015 /* AppConfiguration.swift */; };
		A10000000000000000000013 /* HouseholdTransfer.swift in Sources */ = {isa = PBXBuildFile; fileRef = B10000000000000000000017 /* HouseholdTransfer.swift */; };
		A10000000000000000000014 /* DesignSystem.swift in Sources */ = {isa = PBXBuildFile; fileRef = B10000000000000000000018 /* DesignSystem.swift */; };
		C50000000000000000000001 /* Collections.swift in Sources */ = {isa = PBXBuildFile; fileRef = D50000000000000000000001 /* Collections.swift */; };
		E60000000000000000000001 /* QuestPlanning.swift in Sources */ = {isa = PBXBuildFile; fileRef = F60000000000000000000001 /* QuestPlanning.swift */; };
		E70000000000000000000001 /* SystemIntelligence.swift in Sources */ = {isa = PBXBuildFile; fileRef = F70000000000000000000001 /* SystemIntelligence.swift */; };
		C50000000000000000000002 /* penguin.png in Resources */ = {isa = PBXBuildFile; fileRef = D50000000000000000000002 /* penguin.png */; };
		C50000000000000000000003 /* bee.png in Resources */ = {isa = PBXBuildFile; fileRef = D50000000000000000000003 /* bee.png */; };
		C50000000000000000000004 /* cactus.png in Resources */ = {isa = PBXBuildFile; fileRef = D50000000000000000000004 /* cactus.png */; };
		C50000000000000000000005 /* cloud companion.png in Resources */ = {isa = PBXBuildFile; fileRef = D50000000000000000000005 /* cloud companion.png */; };
		C50000000000000000000006 /* dino.png in Resources */ = {isa = PBXBuildFile; fileRef = D50000000000000000000006 /* dino.png */; };
		C50000000000000000000007 /* meadow.png in Resources */ = {isa = PBXBuildFile; fileRef = D50000000000000000000007 /* meadow.png */; };
		C50000000000000000000008 /* bedroom.png in Resources */ = {isa = PBXBuildFile; fileRef = D50000000000000000000008 /* bedroom.png */; };
		C50000000000000000000009 /* cloud background.png in Resources */ = {isa = PBXBuildFile; fileRef = D50000000000000000000009 /* cloud background.png */; };
		C5000000000000000000000A /* aquarium.png in Resources */ = {isa = PBXBuildFile; fileRef = D5000000000000000000000A /* aquarium.png */; };
		C5000000000000000000000B /* arcade.png in Resources */ = {isa = PBXBuildFile; fileRef = D5000000000000000000000B /* arcade.png */; };
		C60000000000000000000001 /* astronaut.png in Resources */ = {isa = PBXBuildFile; fileRef = D60000000000000000000001 /* astronaut.png */; };
		C60000000000000000000002 /* deer.png in Resources */ = {isa = PBXBuildFile; fileRef = D60000000000000000000002 /* deer.png */; };
		C60000000000000000000003 /* jellyfish.png in Resources */ = {isa = PBXBuildFile; fileRef = D60000000000000000000003 /* jellyfish.png */; };
		C60000000000000000000004 /* ninja.png in Resources */ = {isa = PBXBuildFile; fileRef = D60000000000000000000004 /* ninja.png */; };
		C60000000000000000000005 /* star.png in Resources */ = {isa = PBXBuildFile; fileRef = D60000000000000000000005 /* star.png */; };
		C60000000000000000000006 /* petey.png in Resources */ = {isa = PBXBuildFile; fileRef = D60000000000000000000006 /* petey.png */; };
		C60000000000000000000007 /* kaleido.png in Resources */ = {isa = PBXBuildFile; fileRef = D60000000000000000000007 /* kaleido.png */; };
		C60000000000000000000008 /* selene.png in Resources */ = {isa = PBXBuildFile; fileRef = D60000000000000000000008 /* selene.png */; };
		C60000000000000000000009 /* rainbow-summit.png in Resources */ = {isa = PBXBuildFile; fileRef = D60000000000000000000009 /* rainbow-summit.png */; };
		C6000000000000000000000A /* crystal-dream-cave.png in Resources */ = {isa = PBXBuildFile; fileRef = D6000000000000000000000A /* crystal-dream-cave.png */; };
		C6000000000000000000000B /* moon-garden.png in Resources */ = {isa = PBXBuildFile; fileRef = D6000000000000000000000B /* moon-garden.png */; };
		C6000000000000000000000C /* starry-campout.png in Resources */ = {isa = PBXBuildFile; fileRef = D6000000000000000000000C /* starry-campout.png */; };
		C6000000000000000000000D /* space-station-window.png in Resources */ = {isa = PBXBuildFile; fileRef = D6000000000000000000000D /* space-station-window.png */; };
/* End PBXBuildFile section */

/* Begin PBXContainerItemProxy section */
		C10000000000000000000001 /* PBXContainerItemProxy */ = {
			isa = PBXContainerItemProxy;
			containerPortal = D10000000000000000000001 /* Project object */;
			proxyType = 1;
			remoteGlobalIDString = E10000000000000000000001;
			remoteInfo = kyndyn;
		};
		C10000000000000000000002 /* PBXContainerItemProxy */ = {
			isa = PBXContainerItemProxy;
			containerPortal = D10000000000000000000001 /* Project object */;
			proxyType = 1;
			remoteGlobalIDString = E10000000000000000000001;
			remoteInfo = kyndyn;
		};
/* End PBXContainerItemProxy section */

/* Begin PBXFileReference section */
		B10000000000000000000001 /* kyndynApp.swift */ = {isa = PBXFileReference; lastKnownFileType = sourcecode.swift; path = kyndynApp.swift; sourceTree = "<group>"; };
		B10000000000000000000002 /* DomainModels.swift */ = {isa = PBXFileReference; lastKnownFileType = sourcecode.swift; path = DomainModels.swift; sourceTree = "<group>"; };
		B10000000000000000000003 /* ProgressionEngine.swift */ = {isa = PBXFileReference; lastKnownFileType = sourcecode.swift; path = ProgressionEngine.swift; sourceTree = "<group>"; };
		B10000000000000000000004 /* Services.swift */ = {isa = PBXFileReference; lastKnownFileType = sourcecode.swift; path = Services.swift; sourceTree = "<group>"; };
		B10000000000000000000005 /* AppModel.swift */ = {isa = PBXFileReference; lastKnownFileType = sourcecode.swift; path = AppModel.swift; sourceTree = "<group>"; };
		B10000000000000000000006 /* Views.swift */ = {isa = PBXFileReference; lastKnownFileType = sourcecode.swift; path = Views.swift; sourceTree = "<group>"; };
		B10000000000000000000007 /* spark.png */ = {isa = PBXFileReference; lastKnownFileType = image.png; path = spark.png; sourceTree = "<group>"; };
		B10000000000000000000008 /* orbit.png */ = {isa = PBXFileReference; lastKnownFileType = image.png; path = orbit.png; sourceTree = "<group>"; };
		B10000000000000000000009 /* pixel.png */ = {isa = PBXFileReference; lastKnownFileType = image.png; path = pixel.png; sourceTree = "<group>"; };
		B1000000000000000000000A /* comet.png */ = {isa = PBXFileReference; lastKnownFileType = image.png; path = comet.png; sourceTree = "<group>"; };
		B1000000000000000000000B /* bop.png */ = {isa = PBXFileReference; lastKnownFileType = image.png; path = bop.png; sourceTree = "<group>"; };
		B1000000000000000000000C /* ProgressionEngineTests.swift */ = {isa = PBXFileReference; lastKnownFileType = sourcecode.swift; path = ProgressionEngineTests.swift; sourceTree = "<group>"; };
		B1000000000000000000000D /* kyndynUITests.swift */ = {isa = PBXFileReference; lastKnownFileType = sourcecode.swift; path = kyndynUITests.swift; sourceTree = "<group>"; };
		B1000000000000000000000E /* kyndyn.app */ = {isa = PBXFileReference; explicitFileType = wrapper.application; includeInIndex = 0; path = kyndyn.app; sourceTree = BUILT_PRODUCTS_DIR; };
		B1000000000000000000000F /* kyndynTests.xctest */ = {isa = PBXFileReference; explicitFileType = wrapper.cfbundle; includeInIndex = 0; path = kyndynTests.xctest; sourceTree = BUILT_PRODUCTS_DIR; };
		B10000000000000000000010 /* kyndynUITests.xctest */ = {isa = PBXFileReference; explicitFileType = wrapper.cfbundle; includeInIndex = 0; path = kyndynUITests.xctest; sourceTree = BUILT_PRODUCTS_DIR; };
		B10000000000000000000011 /* Assets.xcassets */ = {isa = PBXFileReference; lastKnownFileType = folder.assetcatalog; path = Assets.xcassets; sourceTree = "<group>"; };
		B10000000000000000000012 /* LaunchScreen.storyboard */ = {isa = PBXFileReference; lastKnownFileType = file.storyboard; path = LaunchScreen.storyboard; sourceTree = "<group>"; };
		B10000000000000000000013 /* SyncEngine.swift */ = {isa = PBXFileReference; lastKnownFileType = sourcecode.swift; path = SyncEngine.swift; sourceTree = "<group>"; };
		B10000000000000000000014 /* SyncEngineTests.swift */ = {isa = PBXFileReference; lastKnownFileType = sourcecode.swift; path = SyncEngineTests.swift; sourceTree = "<group>"; };
		B10000000000000000000015 /* AppConfiguration.swift */ = {isa = PBXFileReference; lastKnownFileType = sourcecode.swift; path = AppConfiguration.swift; sourceTree = "<group>"; };
		B10000000000000000000016 /* Info.plist */ = {isa = PBXFileReference; lastKnownFileType = text.plist.xml; path = Info.plist; sourceTree = "<group>"; };
		B10000000000000000000017 /* HouseholdTransfer.swift */ = {isa = PBXFileReference; lastKnownFileType = sourcecode.swift; path = HouseholdTransfer.swift; sourceTree = "<group>"; };
		B10000000000000000000018 /* DesignSystem.swift */ = {isa = PBXFileReference; lastKnownFileType = sourcecode.swift; path = DesignSystem.swift; sourceTree = "<group>"; };
		D50000000000000000000001 /* Collections.swift */ = {isa = PBXFileReference; lastKnownFileType = sourcecode.swift; path = Collections.swift; sourceTree = "<group>"; };
		F60000000000000000000001 /* QuestPlanning.swift */ = {isa = PBXFileReference; lastKnownFileType = sourcecode.swift; path = QuestPlanning.swift; sourceTree = "<group>"; };
		F70000000000000000000001 /* SystemIntelligence.swift */ = {isa = PBXFileReference; lastKnownFileType = sourcecode.swift; path = SystemIntelligence.swift; sourceTree = "<group>"; };
		D50000000000000000000002 /* penguin.png */ = {isa = PBXFileReference; lastKnownFileType = image.png; path = penguin.png; sourceTree = "<group>"; };
		D50000000000000000000003 /* bee.png */ = {isa = PBXFileReference; lastKnownFileType = image.png; path = bee.png; sourceTree = "<group>"; };
		D50000000000000000000004 /* cactus.png */ = {isa = PBXFileReference; lastKnownFileType = image.png; path = cactus.png; sourceTree = "<group>"; };
		D50000000000000000000005 /* cloud companion.png */ = {isa = PBXFileReference; lastKnownFileType = image.png; path = cloud.png; sourceTree = "<group>"; };
		D50000000000000000000006 /* dino.png */ = {isa = PBXFileReference; lastKnownFileType = image.png; path = dino.png; sourceTree = "<group>"; };
		D50000000000000000000007 /* meadow.png */ = {isa = PBXFileReference; lastKnownFileType = image.png; path = meadow.png; sourceTree = "<group>"; };
		D50000000000000000000008 /* bedroom.png */ = {isa = PBXFileReference; lastKnownFileType = image.png; path = bedroom.png; sourceTree = "<group>"; };
		D50000000000000000000009 /* background-cloud.png */ = {isa = PBXFileReference; lastKnownFileType = image.png; path = "background-cloud.png"; sourceTree = "<group>"; };
		D5000000000000000000000A /* aquarium.png */ = {isa = PBXFileReference; lastKnownFileType = image.png; path = aquarium.png; sourceTree = "<group>"; };
		D5000000000000000000000B /* arcade.png */ = {isa = PBXFileReference; lastKnownFileType = image.png; path = arcade.png; sourceTree = "<group>"; };
		D60000000000000000000001 /* astronaut.png */ = {isa = PBXFileReference; lastKnownFileType = image.png; path = astronaut.png; sourceTree = "<group>"; };
		D60000000000000000000002 /* deer.png */ = {isa = PBXFileReference; lastKnownFileType = image.png; path = deer.png; sourceTree = "<group>"; };
		D60000000000000000000003 /* jellyfish.png */ = {isa = PBXFileReference; lastKnownFileType = image.png; path = jellyfish.png; sourceTree = "<group>"; };
		D60000000000000000000004 /* ninja.png */ = {isa = PBXFileReference; lastKnownFileType = image.png; path = ninja.png; sourceTree = "<group>"; };
		D60000000000000000000005 /* star.png */ = {isa = PBXFileReference; lastKnownFileType = image.png; path = star.png; sourceTree = "<group>"; };
		D60000000000000000000006 /* petey.png */ = {isa = PBXFileReference; lastKnownFileType = image.png; path = petey.png; sourceTree = "<group>"; };
		D60000000000000000000007 /* kaleido.png */ = {isa = PBXFileReference; lastKnownFileType = image.png; path = kaleido.png; sourceTree = "<group>"; };
		D60000000000000000000008 /* selene.png */ = {isa = PBXFileReference; lastKnownFileType = image.png; path = selene.png; sourceTree = "<group>"; };
		D60000000000000000000009 /* rainbow-summit.png */ = {isa = PBXFileReference; lastKnownFileType = image.png; path = "rainbow-summit.png"; sourceTree = "<group>"; };
		D6000000000000000000000A /* crystal-dream-cave.png */ = {isa = PBXFileReference; lastKnownFileType = image.png; path = "crystal-dream-cave.png"; sourceTree = "<group>"; };
		D6000000000000000000000B /* moon-garden.png */ = {isa = PBXFileReference; lastKnownFileType = image.png; path = "moon-garden.png"; sourceTree = "<group>"; };
		D6000000000000000000000C /* starry-campout.png */ = {isa = PBXFileReference; lastKnownFileType = image.png; path = "starry-campout.png"; sourceTree = "<group>"; };
		D6000000000000000000000D /* space-station-window.png */ = {isa = PBXFileReference; lastKnownFileType = image.png; path = "space-station-window.png"; sourceTree = "<group>"; };
		FA2129B2301A79F000756983 /* kyndyn.entitlements */ = {isa = PBXFileReference; lastKnownFileType = text.plist.entitlements; path = kyndyn.entitlements; sourceTree = "<group>"; };
/* End PBXFileReference section */

/* Begin PBXFrameworksBuildPhase section */
		F10000000000000000000001 /* Frameworks */ = {
			isa = PBXFrameworksBuildPhase;
			buildActionMask = 2147483647;
			files = (
			);
			runOnlyForDeploymentPostprocessing = 0;
		};
		F10000000000000000000002 /* Frameworks */ = {
			isa = PBXFrameworksBuildPhase;
			buildActionMask = 2147483647;
			files = (
			);
			runOnlyForDeploymentPostprocessing = 0;
		};
		F10000000000000000000003 /* Frameworks */ = {
			isa = PBXFrameworksBuildPhase;
			buildActionMask = 2147483647;
			files = (
			);
			runOnlyForDeploymentPostprocessing = 0;
		};
/* End PBXFrameworksBuildPhase section */

/* Begin PBXGroup section */
		G10000000000000000000001 = {
			isa = PBXGroup;
			children = (
				G10000000000000000000002 /* kyndyn */,
				G10000000000000000000005 /* kyndynTests */,
				G10000000000000000000006 /* kyndynUITests */,
				G10000000000000000000004 /* Products */,
			);
			sourceTree = "<group>";
		};
		G10000000000000000000002 /* kyndyn */ = {
			isa = PBXGroup;
			children = (
				FA2129B2301A79F000756983 /* kyndyn.entitlements */,
				B10000000000000000000001 /* kyndynApp.swift */,
				B10000000000000000000015 /* AppConfiguration.swift */,
				B10000000000000000000016 /* Info.plist */,
				B10000000000000000000002 /* DomainModels.swift */,
				D50000000000000000000001 /* Collections.swift */,
				F60000000000000000000001 /* QuestPlanning.swift */,
				F70000000000000000000001 /* SystemIntelligence.swift */,
				B10000000000000000000003 /* ProgressionEngine.swift */,
				B10000000000000000000004 /* Services.swift */,
				B10000000000000000000005 /* AppModel.swift */,
				B10000000000000000000006 /* Views.swift */,
				B10000000000000000000018 /* DesignSystem.swift */,
				B10000000000000000000013 /* SyncEngine.swift */,
				B10000000000000000000017 /* HouseholdTransfer.swift */,
				G10000000000000000000007 /* Resources */,
				G10000000000000000000003 /* Resources/Companions */,
				G10000000000000000000008 /* Resources/Backgrounds */,
			);
			path = kyndyn;
			sourceTree = "<group>";
		};
		G10000000000000000000003 /* Resources/Companions */ = {
			isa = PBXGroup;
			children = (
				B10000000000000000000007 /* spark.png */,
				B10000000000000000000008 /* orbit.png */,
				B10000000000000000000009 /* pixel.png */,
				B1000000000000000000000A /* comet.png */,
				B1000000000000000000000B /* bop.png */,
				D50000000000000000000002 /* penguin.png */,
				D50000000000000000000003 /* bee.png */,
				D50000000000000000000004 /* cactus.png */,
				D50000000000000000000005 /* cloud companion.png */,
				D50000000000000000000006 /* dino.png */,
				D60000000000000000000001 /* astronaut.png */,
				D60000000000000000000002 /* deer.png */,
				D60000000000000000000003 /* jellyfish.png */,
				D60000000000000000000004 /* ninja.png */,
				D60000000000000000000005 /* star.png */,
				D60000000000000000000006 /* petey.png */,
				D60000000000000000000007 /* kaleido.png */,
				D60000000000000000000008 /* selene.png */,
			);
			path = Resources/Companions;
			sourceTree = "<group>";
		};
		G10000000000000000000008 /* Resources/Backgrounds */ = {
			isa = PBXGroup;
			children = (
				D50000000000000000000007 /* meadow.png */,
				D50000000000000000000008 /* bedroom.png */,
				D50000000000000000000009 /* background-cloud.png */,
				D5000000000000000000000A /* aquarium.png */,
				D5000000000000000000000B /* arcade.png */,
				D60000000000000000000009 /* rainbow-summit.png */,
				D6000000000000000000000A /* crystal-dream-cave.png */,
				D6000000000000000000000B /* moon-garden.png */,
				D6000000000000000000000C /* starry-campout.png */,
				D6000000000000000000000D /* space-station-window.png */,
			);
			path = Resources/Backgrounds;
			sourceTree = "<group>";
		};
		G10000000000000000000004 /* Products */ = {
			isa = PBXGroup;
			children = (
				B1000000000000000000000E /* kyndyn.app */,
				B1000000000000000000000F /* kyndynTests.xctest */,
				B10000000000000000000010 /* kyndynUITests.xctest */,
			);
			name = Products;
			sourceTree = "<group>";
		};
		G10000000000000000000005 /* kyndynTests */ = {
			isa = PBXGroup;
			children = (
				B1000000000000000000000C /* ProgressionEngineTests.swift */,
				B10000000000000000000014 /* SyncEngineTests.swift */,
			);
			path = kyndynTests;
			sourceTree = "<group>";
		};
		G10000000000000000000006 /* kyndynUITests */ = {
			isa = PBXGroup;
			children = (
				B1000000000000000000000D /* kyndynUITests.swift */,
			);
			path = kyndynUITests;
			sourceTree = "<group>";
		};
		G10000000000000000000007 /* Resources */ = {
			isa = PBXGroup;
			children = (
				B10000000000000000000011 /* Assets.xcassets */,
				B10000000000000000000012 /* LaunchScreen.storyboard */,
			);
			path = Resources;
			sourceTree = "<group>";
		};
/* End PBXGroup section */

/* Begin PBXNativeTarget section */
		E10000000000000000000001 /* kyndyn */ = {
			isa = PBXNativeTarget;
			buildConfigurationList = H10000000000000000000001 /* Build configuration list for PBXNativeTarget "kyndyn" */;
			buildPhases = (
				I10000000000000000000001 /* Sources */,
				F10000000000000000000001 /* Frameworks */,
				J10000000000000000000001 /* Resources */,
			);
			buildRules = (
			);
			dependencies = (
			);
			name = kyndyn;
			productName = kyndyn;
			productReference = B1000000000000000000000E /* kyndyn.app */;
			productType = "com.apple.product-type.application";
		};
		E10000000000000000000002 /* kyndynTests */ = {
			isa = PBXNativeTarget;
			buildConfigurationList = H10000000000000000000002 /* Build configuration list for PBXNativeTarget "kyndynTests" */;
			buildPhases = (
				I10000000000000000000002 /* Sources */,
				F10000000000000000000002 /* Frameworks */,
				J10000000000000000000002 /* Resources */,
			);
			buildRules = (
			);
			dependencies = (
				K10000000000000000000001 /* PBXTargetDependency */,
			);
			name = kyndynTests;
			productName = kyndynTests;
			productReference = B1000000000000000000000F /* kyndynTests.xctest */;
			productType = "com.apple.product-type.bundle.unit-test";
		};
		E10000000000000000000003 /* kyndynUITests */ = {
			isa = PBXNativeTarget;
			buildConfigurationList = H10000000000000000000003 /* Build configuration list for PBXNativeTarget "kyndynUITests" */;
			buildPhases = (
				I10000000000000000000003 /* Sources */,
				F10000000000000000000003 /* Frameworks */,
				J10000000000000000000003 /* Resources */,
			);
			buildRules = (
			);
			dependencies = (
				K10000000000000000000002 /* PBXTargetDependency */,
			);
			name = kyndynUITests;
			productName = kyndynUITests;
			productReference = B10000000000000000000010 /* kyndynUITests.xctest */;
			productType = "com.apple.product-type.bundle.ui-testing";
		};
/* End PBXNativeTarget section */

/* Begin PBXProject section */
		D10000000000000000000001 /* Project object */ = {
			isa = PBXProject;
			attributes = {
				BuildIndependentTargetsInParallel = 1;
				LastSwiftUpdateCheck = 2660;
				LastUpgradeCheck = 2660;
				TargetAttributes = {
					E10000000000000000000001 = {
						CreatedOnToolsVersion = 26.0;
					};
					E10000000000000000000002 = {
						CreatedOnToolsVersion = 26.0;
						TestTargetID = E10000000000000000000001;
					};
					E10000000000000000000003 = {
						CreatedOnToolsVersion = 26.0;
						TestTargetID = E10000000000000000000001;
					};
				};
			};
			buildConfigurationList = H10000000000000000000004 /* Build configuration list for PBXProject "kyndyn" */;
			compatibilityVersion = "Xcode 16.0";
			developmentRegion = en;
			hasScannedForEncodings = 0;
			knownRegions = (
				en,
				Base,
			);
			mainGroup = G10000000000000000000001;
			productRefGroup = G10000000000000000000004 /* Products */;
			projectDirPath = "";
			projectRoot = "";
			targets = (
				E10000000000000000000001 /* kyndyn */,
				E10000000000000000000002 /* kyndynTests */,
				E10000000000000000000003 /* kyndynUITests */,
			);
		};
/* End PBXProject section */

/* Begin PBXResourcesBuildPhase section */
		J10000000000000000000001 /* Resources */ = {
			isa = PBXResourcesBuildPhase;
			buildActionMask = 2147483647;
			files = (
				A10000000000000000000007 /* spark.png in Resources */,
				A10000000000000000000008 /* orbit.png in Resources */,
				A10000000000000000000009 /* pixel.png in Resources */,
				A1000000000000000000000A /* comet.png in Resources */,
				A1000000000000000000000B /* bop.png in Resources */,
				A1000000000000000000000E /* Assets.xcassets in Resources */,
				A1000000000000000000000F /* LaunchScreen.storyboard in Resources */,
				C50000000000000000000002 /* penguin.png in Resources */,
				C50000000000000000000003 /* bee.png in Resources */,
				C50000000000000000000004 /* cactus.png in Resources */,
				C50000000000000000000005 /* cloud companion.png in Resources */,
				C50000000000000000000006 /* dino.png in Resources */,
				C50000000000000000000007 /* meadow.png in Resources */,
				C50000000000000000000008 /* bedroom.png in Resources */,
				C50000000000000000000009 /* cloud background.png in Resources */,
				C5000000000000000000000A /* aquarium.png in Resources */,
				C5000000000000000000000B /* arcade.png in Resources */,
				C60000000000000000000001 /* astronaut.png in Resources */,
				C60000000000000000000002 /* deer.png in Resources */,
				C60000000000000000000003 /* jellyfish.png in Resources */,
				C60000000000000000000004 /* ninja.png in Resources */,
				C60000000000000000000005 /* star.png in Resources */,
				C60000000000000000000006 /* petey.png in Resources */,
				C60000000000000000000007 /* kaleido.png in Resources */,
				C60000000000000000000008 /* selene.png in Resources */,
				C60000000000000000000009 /* rainbow-summit.png in Resources */,
				C6000000000000000000000A /* crystal-dream-cave.png in Resources */,
				C6000000000000000000000B /* moon-garden.png in Resources */,
				C6000000000000000000000C /* starry-campout.png in Resources */,
				C6000000000000000000000D /* space-station-window.png in Resources */,
			);
			runOnlyForDeploymentPostprocessing = 0;
		};
		J10000000000000000000002 /* Resources */ = {
			isa = PBXResourcesBuildPhase;
			buildActionMask = 2147483647;
			files = (
			);
			runOnlyForDeploymentPostprocessing = 0;
		};
		J10000000000000000000003 /* Resources */ = {
			isa = PBXResourcesBuildPhase;
			buildActionMask = 2147483647;
			files = (
			);
			runOnlyForDeploymentPostprocessing = 0;
		};
/* End PBXResourcesBuildPhase section */

/* Begin PBXSourcesBuildPhase section */
		I10000000000000000000001 /* Sources */ = {
			isa = PBXSourcesBuildPhase;
			buildActionMask = 2147483647;
			files = (
				A10000000000000000000001 /* kyndynApp.swift in Sources */,
				A10000000000000000000012 /* AppConfiguration.swift in Sources */,
				A10000000000000000000013 /* HouseholdTransfer.swift in Sources */,
				A10000000000000000000002 /* DomainModels.swift in Sources */,
				C50000000000000000000001 /* Collections.swift in Sources */,
				E60000000000000000000001 /* QuestPlanning.swift in Sources */,
				E70000000000000000000001 /* SystemIntelligence.swift in Sources */,
				A10000000000000000000003 /* ProgressionEngine.swift in Sources */,
				A10000000000000000000004 /* Services.swift in Sources */,
				A10000000000000000000005 /* AppModel.swift in Sources */,
				A10000000000000000000006 /* Views.swift in Sources */,
				A10000000000000000000014 /* DesignSystem.swift in Sources */,
				A10000000000000000000010 /* SyncEngine.swift in Sources */,
			);
			runOnlyForDeploymentPostprocessing = 0;
		};
		I10000000000000000000002 /* Sources */ = {
			isa = PBXSourcesBuildPhase;
			buildActionMask = 2147483647;
			files = (
				A1000000000000000000000C /* ProgressionEngineTests.swift in Sources */,
				A10000000000000000000011 /* SyncEngineTests.swift in Sources */,
			);
			runOnlyForDeploymentPostprocessing = 0;
		};
		I10000000000000000000003 /* Sources */ = {
			isa = PBXSourcesBuildPhase;
			buildActionMask = 2147483647;
			files = (
				A1000000000000000000000D /* kyndynUITests.swift in Sources */,
			);
			runOnlyForDeploymentPostprocessing = 0;
		};
/* End PBXSourcesBuildPhase section */

/* Begin PBXTargetDependency section */
		K10000000000000000000001 /* PBXTargetDependency */ = {
			isa = PBXTargetDependency;
			target = E10000000000000000000001 /* kyndyn */;
			targetProxy = C10000000000000000000001 /* PBXContainerItemProxy */;
		};
		K10000000000000000000002 /* PBXTargetDependency */ = {
			isa = PBXTargetDependency;
			target = E10000000000000000000001 /* kyndyn */;
			targetProxy = C10000000000000000000002 /* PBXContainerItemProxy */;
		};
/* End PBXTargetDependency section */

/* Begin XCBuildConfiguration section */
		L10000000000000000000001 /* Debug */ = {
			isa = XCBuildConfiguration;
			buildSettings = {
				ALWAYS_SEARCH_USER_PATHS = NO;
				CLANG_ENABLE_MODULES = YES;
				CLANG_ENABLE_OBJC_ARC = YES;
				DEBUG_INFORMATION_FORMAT = dwarf;
				ENABLE_TESTABILITY = YES;
				GCC_C_LANGUAGE_STANDARD = gnu17;
				IPHONEOS_DEPLOYMENT_TARGET = 18.0;
				ONLY_ACTIVE_ARCH = YES;
				SDKROOT = iphoneos;
				SWIFT_ACTIVE_COMPILATION_CONDITIONS = DEBUG;
				SWIFT_OPTIMIZATION_LEVEL = "-Onone";
			};
			name = Debug;
		};
		L10000000000000000000002 /* Release */ = {
			isa = XCBuildConfiguration;
			buildSettings = {
				ALWAYS_SEARCH_USER_PATHS = NO;
				CLANG_ENABLE_MODULES = YES;
				CLANG_ENABLE_OBJC_ARC = YES;
				DEBUG_INFORMATION_FORMAT = "dwarf-with-dsym";
				GCC_C_LANGUAGE_STANDARD = gnu17;
				IPHONEOS_DEPLOYMENT_TARGET = 18.0;
				SDKROOT = iphoneos;
				SWIFT_COMPILATION_MODE = wholemodule;
				SWIFT_OPTIMIZATION_LEVEL = "-O";
			};
			name = Release;
		};
		L10000000000000000000003 /* Debug */ = {
			isa = XCBuildConfiguration;
			buildSettings = {
				APS_ENVIRONMENT = development;
				ASSETCATALOG_COMPILER_APPICON_NAME = AppIcon;
				ASSETCATALOG_COMPILER_ALTERNATE_APPICON_NAMES = "AppIconPastel AppIconRetroGame AppIconJapandi AppIconTranslucentFoil AppIconAtomicAge AppIconLCD AppIconOutrun2 AppIconArcade AppIconTranslucent AppIconOutrun AppIconCRT";
				ASSETCATALOG_COMPILER_GENERATE_SWIFT_ASSET_SYMBOL_EXTENSIONS = YES;
				CODE_SIGN_ENTITLEMENTS = kyndyn/kyndyn.entitlements;
				CODE_SIGN_STYLE = Automatic;
				CURRENT_PROJECT_VERSION = 18;
				GENERATE_INFOPLIST_FILE = NO;
				INFOPLIST_FILE = kyndyn/Info.plist;
				KYNDYN_CLOUDKIT_CONTAINER_IDENTIFIER = iCloud.com.kyndynfamily.kyndyn;
				KYNDYN_CLOUDKIT_ENVIRONMENT = development;
				KYNDYN_CLOUD_SYNC_CONFIGURED = YES;
				MARKETING_VERSION = 0.15.0;
				PRODUCT_BUNDLE_IDENTIFIER = com.kyndynfamily.kyndyn;
				PRODUCT_NAME = "$(TARGET_NAME)";
				SWIFT_EMIT_LOC_STRINGS = YES;
				SWIFT_STRICT_CONCURRENCY = complete;
				SWIFT_VERSION = 6.0;
				TARGETED_DEVICE_FAMILY = "1,2";
			};
			name = Debug;
		};
		L10000000000000000000004 /* Release */ = {
			isa = XCBuildConfiguration;
			buildSettings = {
				APS_ENVIRONMENT = production;
				ASSETCATALOG_COMPILER_APPICON_NAME = AppIcon;
				ASSETCATALOG_COMPILER_ALTERNATE_APPICON_NAMES = "AppIconPastel AppIconRetroGame AppIconJapandi AppIconTranslucentFoil AppIconAtomicAge AppIconLCD AppIconOutrun2 AppIconArcade AppIconTranslucent AppIconOutrun AppIconCRT";
				ASSETCATALOG_COMPILER_GENERATE_SWIFT_ASSET_SYMBOL_EXTENSIONS = YES;
				CODE_SIGN_ENTITLEMENTS = kyndyn/kyndyn.entitlements;
				CODE_SIGN_STYLE = Automatic;
				CURRENT_PROJECT_VERSION = 18;
				GENERATE_INFOPLIST_FILE = NO;
				INFOPLIST_FILE = kyndyn/Info.plist;
				KYNDYN_CLOUDKIT_CONTAINER_IDENTIFIER = iCloud.com.kyndynfamily.kyndyn;
				KYNDYN_CLOUDKIT_ENVIRONMENT = production;
				KYNDYN_CLOUD_SYNC_CONFIGURED = YES;
				MARKETING_VERSION = 0.15.0;
				PRODUCT_BUNDLE_IDENTIFIER = com.kyndynfamily.kyndyn;
				PRODUCT_NAME = "$(TARGET_NAME)";
				SWIFT_EMIT_LOC_STRINGS = YES;
				SWIFT_STRICT_CONCURRENCY = complete;
				SWIFT_VERSION = 6.0;
				TARGETED_DEVICE_FAMILY = "1,2";
			};
			name = Release;
		};
		L10000000000000000000005 /* Debug */ = {
			isa = XCBuildConfiguration;
			buildSettings = {
				BUNDLE_LOADER = "$(TEST_HOST)";
				CODE_SIGN_STYLE = Automatic;
				GENERATE_INFOPLIST_FILE = YES;
				IPHONEOS_DEPLOYMENT_TARGET = 18.0;
				PRODUCT_BUNDLE_IDENTIFIER = com.kyndynfamily.kyndynTests;
				PRODUCT_NAME = "$(TARGET_NAME)";
				SWIFT_VERSION = 6.0;
				TARGETED_DEVICE_FAMILY = "1,2";
				TEST_HOST = "$(BUILT_PRODUCTS_DIR)/kyndyn.app/$(BUNDLE_EXECUTABLE_FOLDER_PATH)/kyndyn";
			};
			name = Debug;
		};
		L10000000000000000000006 /* Release */ = {
			isa = XCBuildConfiguration;
			buildSettings = {
				BUNDLE_LOADER = "$(TEST_HOST)";
				CODE_SIGN_STYLE = Automatic;
				GENERATE_INFOPLIST_FILE = YES;
				IPHONEOS_DEPLOYMENT_TARGET = 18.0;
				PRODUCT_BUNDLE_IDENTIFIER = com.kyndynfamily.kyndynTests;
				PRODUCT_NAME = "$(TARGET_NAME)";
				SWIFT_VERSION = 6.0;
				TARGETED_DEVICE_FAMILY = "1,2";
				TEST_HOST = "$(BUILT_PRODUCTS_DIR)/kyndyn.app/$(BUNDLE_EXECUTABLE_FOLDER_PATH)/kyndyn";
			};
			name = Release;
		};
		L10000000000000000000007 /* Debug */ = {
			isa = XCBuildConfiguration;
			buildSettings = {
				CODE_SIGN_STYLE = Automatic;
				GENERATE_INFOPLIST_FILE = YES;
				IPHONEOS_DEPLOYMENT_TARGET = 18.0;
				PRODUCT_BUNDLE_IDENTIFIER = com.kyndynfamily.kyndynUITests;
				PRODUCT_NAME = "$(TARGET_NAME)";
				SWIFT_VERSION = 6.0;
				TARGETED_DEVICE_FAMILY = "1,2";
				TEST_TARGET_NAME = kyndyn;
			};
			name = Debug;
		};
		L10000000000000000000008 /* Release */ = {
			isa = XCBuildConfiguration;
			buildSettings = {
				CODE_SIGN_STYLE = Automatic;
				GENERATE_INFOPLIST_FILE = YES;
				IPHONEOS_DEPLOYMENT_TARGET = 18.0;
				PRODUCT_BUNDLE_IDENTIFIER = com.kyndynfamily.kyndynUITests;
				PRODUCT_NAME = "$(TARGET_NAME)";
				SWIFT_VERSION = 6.0;
				TARGETED_DEVICE_FAMILY = "1,2";
				TEST_TARGET_NAME = kyndyn;
			};
			name = Release;
		};
/* End XCBuildConfiguration section */

/* Begin XCConfigurationList section */
		H10000000000000000000001 /* Build configuration list for PBXNativeTarget "kyndyn" */ = {
			isa = XCConfigurationList;
			buildConfigurations = (
				L10000000000000000000003 /* Debug */,
				L10000000000000000000004 /* Release */,
			);
			defaultConfigurationIsVisible = 0;
			defaultConfigurationName = Release;
		};
		H10000000000000000000002 /* Build configuration list for PBXNativeTarget "kyndynTests" */ = {
			isa = XCConfigurationList;
			buildConfigurations = (
				L10000000000000000000005 /* Debug */,
				L10000000000000000000006 /* Release */,
			);
			defaultConfigurationIsVisible = 0;
			defaultConfigurationName = Release;
		};
		H10000000000000000000003 /* Build configuration list for PBXNativeTarget "kyndynUITests" */ = {
			isa = XCConfigurationList;
			buildConfigurations = (
				L10000000000000000000007 /* Debug */,
				L10000000000000000000008 /* Release */,
			);
			defaultConfigurationIsVisible = 0;
			defaultConfigurationName = Release;
		};
		H10000000000000000000004 /* Build configuration list for PBXProject "kyndyn" */ = {
			isa = XCConfigurationList;
			buildConfigurations = (
				L10000000000000000000001 /* Debug */,
				L10000000000000000000002 /* Release */,
			);
			defaultConfigurationIsVisible = 0;
			defaultConfigurationName = Release;
		};
/* End XCConfigurationList section */
	};
	rootObject = D10000000000000000000001 /* Project object */;
}
